version = 1
revision = 1
requires-python = ">=3.13"

[[package]]
name = "certifi"
version = "2025.8.3"
source = { registry = "https://pypi.org/simple" }
sdist = { url = "https://files.pythonhosted.org/packages/dc/67/960ebe6bf230a96cda2e0abcf73af550ec4f090005363542f0765df162e0/certifi-2025.8.3.tar.gz", hash = "sha256:e564105f78ded564e3ae7c923924435e1daa7463faeab5bb932bc53ffae63407", size = 162386 }
wheels = [
    { url = "https://files.pythonhosted.org/packages/e5/48/1549795ba7742c948d2ad169c1c8cdbae65bc450d6cd753d124b17c8cd32/certifi-2025.8.3-py3-none-any.whl", hash = "sha256:f6c12493cfb1b06ba2ff328595af9350c65d6644968e5d3a2ffd78699af217a5", size = 161216 },
]

[[package]]
name = "charset-normalizer"
version = "3.4.3"
source = { registry = "https://pypi.org/simple" }
sdist = { url = "https://files.pythonhosted.org/packages/83/2d/5fd176ceb9b2fc619e63405525573493ca23441330fcdaee6bef9460e924/charset_normalizer-3.4.3.tar.gz", hash = "sha256:6fce4b8500244f6fcb71465d4a4930d132ba9ab8e71a7859e6a5d59851068d14", size = 122371 }
wheels = [
    { url = "https://files.pythonhosted.org/packages/65/ca/2135ac97709b400c7654b4b764daf5c5567c2da45a30cdd20f9eefe2d658/charset_normalizer-3.4.3-cp313-cp313-macosx_10_13_universal2.whl", hash = "sha256:14c2a87c65b351109f6abfc424cab3927b3bdece6f706e4d12faaf3d52ee5efe", size = 205326 },
    { url = "https://files.pythonhosted.org/packages/71/11/98a04c3c97dd34e49c7d247083af03645ca3730809a5509443f3c37f7c99/charset_normalizer-3.4.3-cp313-cp313-manylinux2014_aarch64.manylinux_2_17_aarch64.manylinux_2_28_aarch64.whl", hash = "sha256:41d1fc408ff5fdfb910200ec0e74abc40387bccb3252f3f27c0676731df2b2c8", size = 146008 },
    { url = "https://files.pythonhosted.org/packages/60/f5/4659a4cb3c4ec146bec80c32d8bb16033752574c20b1252ee842a95d1a1e/charset_normalizer-3.4.3-cp313-cp313-manylinux2014_ppc64le.manylinux_2_17_ppc64le.manylinux_2_28_ppc64le.whl", hash = "sha256:1bb60174149316da1c35fa5233681f7c0f9f514509b8e399ab70fea5f17e45c9", size = 159196 },
    { url = "https://files.pythonhosted.org/packages/86/9e/f552f7a00611f168b9a5865a1414179b2c6de8235a4fa40189f6f79a1753/charset_normalizer-3.4.3-cp313-cp313-manylinux2014_s390x.manylinux_2_17_s390x.manylinux_2_28_s390x.whl", hash = "sha256:30d006f98569de3459c2fc1f2acde170b7b2bd265dc1943e87e1a4efe1b67c31", size = 156819 },
    { url = "https://files.pythonhosted.org/packages/7e/95/42aa2156235cbc8fa61208aded06ef46111c4d3f0de233107b3f38631803/charset_normalizer-3.4.3-cp313-cp313-manylinux2014_x86_64.manylinux_2_17_x86_64.manylinux_2_28_x86_64.whl", hash = "sha256:416175faf02e4b0810f1f38bcb54682878a4af94059a1cd63b8747244420801f", size = 151350 },
    { url = "https://files.pythonhosted.org/packages/c2/a9/3865b02c56f300a6f94fc631ef54f0a8a29da74fb45a773dfd3dcd380af7/charset_normalizer-3.4.3-cp313-cp313-musllinux_1_2_aarch64.whl", hash = "sha256:6aab0f181c486f973bc7262a97f5aca3ee7e1437011ef0c2ec04b5a11d16c927", size = 148644 },
    { url = "https://files.pythonhosted.org/packages/77/d9/cbcf1a2a5c7d7856f11e7ac2d782aec12bdfea60d104e60e0aa1c97849dc/charset_normalizer-3.4.3-cp313-cp313-musllinux_1_2_ppc64le.whl", hash = "sha256:fdabf8315679312cfa71302f9bd509ded4f2f263fb5b765cf1433b39106c3cc9", size = 160468 },
    { url = "https://files.pythonhosted.org/packages/f6/42/6f45efee8697b89fda4d50580f292b8f7f9306cb2971d4b53f8914e4d890/charset_normalizer-3.4.3-cp313-cp313-musllinux_1_2_s390x.whl", hash = "sha256:bd28b817ea8c70215401f657edef3a8aa83c29d447fb0b622c35403780ba11d5", size = 158187 },
    { url = "https://files.pythonhosted.org/packages/70/99/f1c3bdcfaa9c45b3ce96f70b14f070411366fa19549c1d4832c935d8e2c3/charset_normalizer-3.4.3-cp313-cp313-musllinux_1_2_x86_64.whl", hash = "sha256:18343b2d246dc6761a249ba1fb13f9ee9a2bcd95decc767319506056ea4ad4dc", size = 152699 },
    { url = "https://files.pythonhosted.org/packages/a3/ad/b0081f2f99a4b194bcbb1934ef3b12aa4d9702ced80a37026b7607c72e58/charset_normalizer-3.4.3-cp313-cp313-win32.whl", hash = "sha256:6fb70de56f1859a3f71261cbe41005f56a7842cc348d3aeb26237560bfa5e0ce", size = 99580 },
    { url = "https://files.pythonhosted.org/packages/9a/8f/ae790790c7b64f925e5c953b924aaa42a243fb778fed9e41f147b2a5715a/charset_normalizer-3.4.3-cp313-cp313-win_amd64.whl", hash = "sha256:cf1ebb7d78e1ad8ec2a8c4732c7be2e736f6e5123a4146c5b89c9d1f585f8cef", size = 107366 },
    { url = "https://files.pythonhosted.org/packages/8e/91/b5a06ad970ddc7a0e513112d40113e834638f4ca1120eb727a249fb2715e/charset_normalizer-3.4.3-cp314-cp314-macosx_10_13_universal2.whl", hash = "sha256:3cd35b7e8aedeb9e34c41385fda4f73ba609e561faedfae0a9e75e44ac558a15", size = 204342 },
    { url = "https://files.pythonhosted.org/packages/ce/ec/1edc30a377f0a02689342f214455c3f6c2fbedd896a1d2f856c002fc3062/charset_normalizer-3.4.3-cp314-cp314-manylinux2014_aarch64.manylinux_2_17_aarch64.manylinux_2_28_aarch64.whl", hash = "sha256:b89bc04de1d83006373429975f8ef9e7932534b8cc9ca582e4db7d20d91816db", size = 145995 },
    { url = "https://files.pythonhosted.org/packages/17/e5/5e67ab85e6d22b04641acb5399c8684f4d37caf7558a53859f0283a650e9/charset_normalizer-3.4.3-cp314-cp314-manylinux2014_ppc64le.manylinux_2_17_ppc64le.manylinux_2_28_ppc64le.whl", hash = "sha256:2001a39612b241dae17b4687898843f254f8748b796a2e16f1051a17078d991d", size = 158640 },
    { url = "https://files.pythonhosted.org/packages/f1/e5/38421987f6c697ee3722981289d554957c4be652f963d71c5e46a262e135/charset_normalizer-3.4.3-cp314-cp314-manylinux2014_s390x.manylinux_2_17_s390x.manylinux_2_28_s390x.whl", hash = "sha256:8dcfc373f888e4fb39a7bc57e93e3b845e7f462dacc008d9749568b1c4ece096", size = 156636 },
    { url = "https://files.pythonhosted.org/packages/a0/e4/5a075de8daa3ec0745a9a3b54467e0c2967daaaf2cec04c845f73493e9a1/charset_normalizer-3.4.3-cp314-cp314-manylinux2014_x86_64.manylinux_2_17_x86_64.manylinux_2_28_x86_64.whl", hash = "sha256:18b97b8404387b96cdbd30ad660f6407799126d26a39ca65729162fd810a99aa", size = 150939 },
    { url = "https://files.pythonhosted.org/packages/02/f7/3611b32318b30974131db62b4043f335861d4d9b49adc6d57c1149cc49d4/charset_normalizer-3.4.3-cp314-cp314-musllinux_1_2_aarch64.whl", hash = "sha256:ccf600859c183d70eb47e05a44cd80a4ce77394d1ac0f79dbd2dd90a69a3a049", size = 148580 },
    { url = "https://files.pythonhosted.org/packages/7e/61/19b36f4bd67f2793ab6a99b979b4e4f3d8fc754cbdffb805335df4337126/charset_normalizer-3.4.3-cp314-cp314-musllinux_1_2_ppc64le.whl", hash = "sha256:53cd68b185d98dde4ad8990e56a58dea83a4162161b1ea9272e5c9182ce415e0", size = 159870 },
    { url = "https://files.pythonhosted.org/packages/06/57/84722eefdd338c04cf3030ada66889298eaedf3e7a30a624201e0cbe424a/charset_normalizer-3.4.3-cp314-cp314-musllinux_1_2_s390x.whl", hash = "sha256:30a96e1e1f865f78b030d65241c1ee850cdf422d869e9028e2fc1d5e4db73b92", size = 157797 },
    { url = "https://files.pythonhosted.org/packages/72/2a/aff5dd112b2f14bcc3462c312dce5445806bfc8ab3a7328555da95330e4b/charset_normalizer-3.4.3-cp314-cp314-musllinux_1_2_x86_64.whl", hash = "sha256:d716a916938e03231e86e43782ca7878fb602a125a91e7acb8b5112e2e96ac16", size = 152224 },
    { url = "https://files.pythonhosted.org/packages/b7/8c/9839225320046ed279c6e839d51f028342eb77c91c89b8ef2549f951f3ec/charset_normalizer-3.4.3-cp314-cp314-win32.whl", hash = "sha256:c6dbd0ccdda3a2ba7c2ecd9d77b37f3b5831687d8dc1b6ca5f56a4880cc7b7ce", size = 100086 },
    { url = "https://files.pythonhosted.org/packages/ee/7a/36fbcf646e41f710ce0a563c1c9a343c6edf9be80786edeb15b6f62e17db/charset_normalizer-3.4.3-cp314-cp314-win_amd64.whl", hash = "sha256:73dc19b562516fc9bcf6e5d6e596df0b4eb98d87e4f79f3ae71840e6ed21361c", size = 107400 },
    { url = "https://files.pythonhosted.org/packages/8a/1f/f041989e93b001bc4e44bb1669ccdcf54d3f00e628229a85b08d330615c5/charset_normalizer-3.4.3-py3-none-any.whl", hash = "sha256:ce571ab16d890d23b5c278547ba694193a45011ff86a9162a71307ed9f86759a", size = 53175 },
]

[[package]]
name = "colorama"
version = "0.4.6"
source = { registry = "https://pypi.org/simple" }
sdist = { url = "https://files.pythonhosted.org/packages/d8/53/6f443c9a4a8358a93a6792e2acffb9d9d5cb0a5cfd8802644b7b1c9a02e4/colorama-0.4.6.tar.gz", hash = "sha256:08695f5cb7ed6e0531a20572697297273c47b8cae5a63ffc6d6ed5c201be6e44", size = 27697 }
wheels = [
    { url = "https://files.pythonhosted.org/packages/d1/d6/3965ed04c63042e047cb6a3e6ed1a63a35087b6a609aa3a15ed8ac56c221/colorama-0.4.6-py2.py3-none-any.whl", hash = "sha256:4f1d9991f5acc0ca119f9d443620b77f9d6b33703e51011c16baf57afb285fc6", size = 25335 },
]

[[package]]
name = "greenlet"
version = "3.2.4"
source = { registry = "https://pypi.org/simple" }
sdist = { url = "https://files.pythonhosted.org/packages/03/b8/704d753a5a45507a7aab61f18db9509302ed3d0a27ac7e0359ec2905b1a6/greenlet-3.2.4.tar.gz", hash = "sha256:0dca0d95ff849f9a364385f36ab49f50065d76964944638be9691e1832e9f86d", size = 188260 }
wheels = [
    { url = "https://files.pythonhosted.org/packages/49/e8/58c7f85958bda41dafea50497cbd59738c5c43dbbea5ee83d651234398f4/greenlet-3.2.4-cp313-cp313-macosx_11_0_universal2.whl", hash = "sha256:1a921e542453fe531144e91e1feedf12e07351b1cf6c9e8a3325ea600a715a31", size = 272814 },
    { url = "https://files.pythonhosted.org/packages/62/dd/b9f59862e9e257a16e4e610480cfffd29e3fae018a68c2332090b53aac3d/greenlet-3.2.4-cp313-cp313-manylinux2014_aarch64.manylinux_2_17_aarch64.whl", hash = "sha256:cd3c8e693bff0fff6ba55f140bf390fa92c994083f838fece0f63be121334945", size = 641073 },
    { url = "https://files.pythonhosted.org/packages/f7/0b/bc13f787394920b23073ca3b6c4a7a21396301ed75a655bcb47196b50e6e/greenlet-3.2.4-cp313-cp313-manylinux2014_ppc64le.manylinux_2_17_ppc64le.whl", hash = "sha256:710638eb93b1fa52823aa91bf75326f9ecdfd5e0466f00789246a5280f4ba0fc", size = 655191 },
    { url = "https://files.pythonhosted.org/packages/f2/d6/6adde57d1345a8d0f14d31e4ab9c23cfe8e2cd39c3baf7674b4b0338d266/greenlet-3.2.4-cp313-cp313-manylinux2014_s390x.manylinux_2_17_s390x.whl", hash = "sha256:c5111ccdc9c88f423426df3fd1811bfc40ed66264d35aa373420a34377efc98a", size = 649516 },
    { url = "https://files.pythonhosted.org/packages/7f/3b/3a3328a788d4a473889a2d403199932be55b1b0060f4ddd96ee7cdfcad10/greenlet-3.2.4-cp313-cp313-manylinux2014_x86_64.manylinux_2_17_x86_64.whl", hash = "sha256:d76383238584e9711e20ebe14db6c88ddcedc1829a9ad31a584389463b5aa504", size = 652169 },
    { url = "https://files.pythonhosted.org/packages/ee/43/3cecdc0349359e1a527cbf2e3e28e5f8f06d3343aaf82ca13437a9aa290f/greenlet-3.2.4-cp313-cp313-manylinux_2_24_x86_64.manylinux_2_28_x86_64.whl", hash = "sha256:23768528f2911bcd7e475210822ffb5254ed10d71f4028387e5a99b4c6699671", size = 610497 },
    { url = "https://files.pythonhosted.org/packages/b8/19/06b6cf5d604e2c382a6f31cafafd6f33d5dea706f4db7bdab184bad2b21d/greenlet-3.2.4-cp313-cp313-musllinux_1_1_aarch64.whl", hash = "sha256:00fadb3fedccc447f517ee0d3fd8fe49eae949e1cd0f6a611818f4f6fb7dc83b", size = 1121662 },
    { url = "https://files.pythonhosted.org/packages/a2/15/0d5e4e1a66fab130d98168fe984c509249c833c1a3c16806b90f253ce7b9/greenlet-3.2.4-cp313-cp313-musllinux_1_1_x86_64.whl", hash = "sha256:d25c5091190f2dc0eaa3f950252122edbbadbb682aa7b1ef2f8af0f8c0afefae", size = 1149210 },
    { url = "https://files.pythonhosted.org/packages/0b/55/2321e43595e6801e105fcfdee02b34c0f996eb71e6ddffca6b10b7e1d771/greenlet-3.2.4-cp313-cp313-win_amd64.whl", hash = "sha256:554b03b6e73aaabec3745364d6239e9e012d64c68ccd0b8430c64ccc14939a8b", size = 299685 },
    { url = "https://files.pythonhosted.org/packages/22/5c/85273fd7cc388285632b0498dbbab97596e04b154933dfe0f3e68156c68c/greenlet-3.2.4-cp314-cp314-macosx_11_0_universal2.whl", hash = "sha256:49a30d5fda2507ae77be16479bdb62a660fa51b1eb4928b524975b3bde77b3c0", size = 273586 },
    { url = "https://files.pythonhosted.org/packages/d1/75/10aeeaa3da9332c2e761e4c50d4c3556c21113ee3f0afa2cf5769946f7a3/greenlet-3.2.4-cp314-cp314-manylinux2014_aarch64.manylinux_2_17_aarch64.whl", hash = "sha256:299fd615cd8fc86267b47597123e3f43ad79c9d8a22bebdce535e53550763e2f", size = 686346 },
    { url = "https://files.pythonhosted.org/packages/c0/aa/687d6b12ffb505a4447567d1f3abea23bd20e73a5bed63871178e0831b7a/greenlet-3.2.4-cp314-cp314-manylinux2014_ppc64le.manylinux_2_17_ppc64le.whl", hash = "sha256:c17b6b34111ea72fc5a4e4beec9711d2226285f0386ea83477cbb97c30a3f3a5", size = 699218 },
    { url = "https://files.pythonhosted.org/packages/dc/8b/29aae55436521f1d6f8ff4e12fb676f3400de7fcf27fccd1d4d17fd8fecd/greenlet-3.2.4-cp314-cp314-manylinux2014_s390x.manylinux_2_17_s390x.whl", hash = "sha256:b4a1870c51720687af7fa3e7cda6d08d801dae660f75a76f3845b642b4da6ee1", size = 694659 },
    { url = "https://files.pythonhosted.org/packages/92/2e/ea25914b1ebfde93b6fc4ff46d6864564fba59024e928bdc7de475affc25/greenlet-3.2.4-cp314-cp314-manylinux2014_x86_64.manylinux_2_17_x86_64.whl", hash = "sha256:061dc4cf2c34852b052a8620d40f36324554bc192be474b9e9770e8c042fd735", size = 695355 },
    { url = "https://files.pythonhosted.org/packages/72/60/fc56c62046ec17f6b0d3060564562c64c862948c9d4bc8aa807cf5bd74f4/greenlet-3.2.4-cp314-cp314-manylinux_2_24_x86_64.manylinux_2_28_x86_64.whl", hash = "sha256:44358b9bf66c8576a9f57a590d5f5d6e72fa4228b763d0e43fee6d3b06d3a337", size = 657512 },
    { url = "https://files.pythonhosted.org/packages/e3/a5/6ddab2b4c112be95601c13428db1d8b6608a8b6039816f2ba09c346c08fc/greenlet-3.2.4-cp314-cp314-win_amd64.whl", hash = "sha256:e37ab26028f12dbb0ff65f29a8d3d44a765c61e729647bf2ddfbbed621726f01", size = 303425 },
]

[[package]]
name = "idna"
version = "3.10"
source = { registry = "https://pypi.org/simple" }
sdist = { url = "https://files.pythonhosted.org/packages/f1/70/7703c29685631f5a7590aa73f1f1d3fa9a380e654b86af429e0934a32f7d/idna-3.10.tar.gz", hash = "sha256:12f65c9b470abda6dc35cf8e63cc574b1c52b11df2c86030af0ac09b01b13ea9", size = 190490 }
wheels = [
    { url = "https://files.pythonhosted.org/packages/76/c6/c88e154df9c4e1a2a66ccf0005a88dfb2650c1dffb6f5ce603dfbd452ce3/idna-3.10-py3-none-any.whl", hash = "sha256:946d195a0d259cbba61165e88e65941f16e9b36ea6ddb97f00452bae8b1287d3", size = 70442 },
]

[[package]]
name = "ieeecarwler"
version = "0.1.0"
source = { virtual = "." }
dependencies = [
    { name = "pytest-playwright" },
]

[package.metadata]
requires-dist = [{ name = "pytest-playwright", specifier = ">=0.7.0" }]

[[package]]
name = "iniconfig"
version = "2.1.0"
source = { registry = "https://pypi.org/simple" }
sdist = { url = "https://files.pythonhosted.org/packages/f2/97/ebf4da567aa6827c909642694d71c9fcf53e5b504f2d96afea02718862f3/iniconfig-2.1.0.tar.gz", hash = "sha256:3abbd2e30b36733fee78f9c7f7308f2d0050e88f0087fd25c2645f63c773e1c7", size = 4793 }
wheels = [
    { url = "https://files.pythonhosted.org/packages/2c/e1/e6716421ea10d38022b952c159d5161ca1193197fb744506875fbb87ea7b/iniconfig-2.1.0-py3-none-any.whl", hash = "sha256:9deba5723312380e77435581c6bf4935c94cbfab9b1ed33ef8d238ea168eb760", size = 6050 },
]

[[package]]
name = "packaging"
version = "25.0"
source = { registry = "https://pypi.org/simple" }
sdist = { url = "https://files.pythonhosted.org/packages/a1/d4/1fc4078c65507b51b96ca8f8c3ba19e6a61c8253c72794544580a7b6c24d/packaging-25.0.tar.gz", hash = "sha256:d443872c98d677bf60f6a1f2f8c1cb748e8fe762d2bf9d3148b5599295b0fc4f", size = 165727 }
wheels = [
    { url = "https://files.pythonhosted.org/packages/20/12/38679034af332785aac8774540895e234f4d07f7545804097de4b666afd8/packaging-25.0-py3-none-any.whl", hash = "sha256:29572ef2b1f17581046b3a2227d5c611fb25ec70ca1ba8554b24b0e69331a484", size = 66469 },
]

[[package]]
name = "playwright"
version = "1.54.0"
source = { registry = "https://pypi.org/simple" }
dependencies = [
    { name = "greenlet" },
    { name = "pyee" },
]
wheels = [
    { url = "https://files.pythonhosted.org/packages/f3/09/33d5bfe393a582d8dac72165a9e88b274143c9df411b65ece1cc13f42988/playwright-1.54.0-py3-none-macosx_10_13_x86_64.whl", hash = "sha256:bf3b845af744370f1bd2286c2a9536f474cc8a88dc995b72ea9a5be714c9a77d", size = 40439034 },
    { url = "https://files.pythonhosted.org/packages/e1/7b/51882dc584f7aa59f446f2bb34e33c0e5f015de4e31949e5b7c2c10e54f0/playwright-1.54.0-py3-none-macosx_11_0_arm64.whl", hash = "sha256:780928b3ca2077aea90414b37e54edd0c4bbb57d1aafc42f7aa0b3fd2c2fac02", size = 38702308 },
    { url = "https://files.pythonhosted.org/packages/73/a1/7aa8ae175b240c0ec8849fcf000e078f3c693f9aa2ffd992da6550ea0dff/playwright-1.54.0-py3-none-macosx_11_0_universal2.whl", hash = "sha256:81d0b6f28843b27f288cfe438af0a12a4851de57998009a519ea84cee6fbbfb9", size = 40439037 },
    { url = "https://files.pythonhosted.org/packages/34/a9/45084fd23b6206f954198296ce39b0acf50debfdf3ec83a593e4d73c9c8a/playwright-1.54.0-py3-none-manylinux1_x86_64.whl", hash = "sha256:09919f45cc74c64afb5432646d7fef0d19fff50990c862cb8d9b0577093f40cc", size = 45920135 },
    { url = "https://files.pythonhosted.org/packages/02/d4/6a692f4c6db223adc50a6e53af405b45308db39270957a6afebddaa80ea2/playwright-1.54.0-py3-none-manylinux_2_17_aarch64.manylinux2014_aarch64.whl", hash = "sha256:13ae206c55737e8e3eae51fb385d61c0312eeef31535643bb6232741b41b6fdc", size = 45302695 },
    { url = "https://files.pythonhosted.org/packages/72/7a/4ee60a1c3714321db187bebbc40d52cea5b41a856925156325058b5fca5a/playwright-1.54.0-py3-none-win32.whl", hash = "sha256:0b108622ffb6906e28566f3f31721cd57dda637d7e41c430287804ac01911f56", size = 35469309 },
    { url = "https://files.pythonhosted.org/packages/aa/77/8f8fae05a242ef639de963d7ae70a69d0da61d6d72f1207b8bbf74ffd3e7/playwright-1.54.0-py3-none-win_amd64.whl", hash = "sha256:9e5aee9ae5ab1fdd44cd64153313a2045b136fcbcfb2541cc0a3d909132671a2", size = 35469311 },
    { url = "https://files.pythonhosted.org/packages/33/ff/99a6f4292a90504f2927d34032a4baf6adb498dc3f7cf0f3e0e22899e310/playwright-1.54.0-py3-none-win_arm64.whl", hash = "sha256:a975815971f7b8dca505c441a4c56de1aeb56a211290f8cc214eeef5524e8d75", size = 31239119 },
]

[[package]]
name = "pluggy"
version = "1.6.0"
source = { registry = "https://pypi.org/simple" }
sdist = { url = "https://files.pythonhosted.org/packages/f9/e2/3e91f31a7d2b083fe6ef3fa267035b518369d9511ffab804f839851d2779/pluggy-1.6.0.tar.gz", hash = "sha256:7dcc130b76258d33b90f61b658791dede3486c3e6bfb003ee5c9bfb396dd22f3", size = 69412 }
wheels = [
    { url = "https://files.pythonhosted.org/packages/54/20/4d324d65cc6d9205fabedc306948156824eb9f0ee1633355a8f7ec5c66bf/pluggy-1.6.0-py3-none-any.whl", hash = "sha256:e920276dd6813095e9377c0bc5566d94c932c33b27a3e3945d8389c374dd4746", size = 20538 },
]

[[package]]
name = "pyee"
version = "13.0.0"
source = { registry = "https://pypi.org/simple" }
dependencies = [
    { name = "typing-extensions" },
]
sdist = { url = "https://files.pythonhosted.org/packages/95/03/1fd98d5841cd7964a27d729ccf2199602fe05eb7a405c1462eb7277945ed/pyee-13.0.0.tar.gz", hash = "sha256:b391e3c5a434d1f5118a25615001dbc8f669cf410ab67d04c4d4e07c55481c37", size = 31250 }
wheels = [
    { url = "https://files.pythonhosted.org/packages/9b/4d/b9add7c84060d4c1906abe9a7e5359f2a60f7a9a4f67268b2766673427d8/pyee-13.0.0-py3-none-any.whl", hash = "sha256:48195a3cddb3b1515ce0695ed76036b5ccc2ef3a9f963ff9f77aec0139845498", size = 15730 },
]

[[package]]
name = "pygments"
version = "2.19.2"
source = { registry = "https://pypi.org/simple" }
sdist = { url = "https://files.pythonhosted.org/packages/b0/77/a5b8c569bf593b0140bde72ea885a803b82086995367bf2037de0159d924/pygments-2.19.2.tar.gz", hash = "sha256:636cb2477cec7f8952536970bc533bc43743542f70392ae026374600add5b887", size = 4968631 }
wheels = [
    { url = "https://files.pythonhosted.org/packages/c7/21/705964c7812476f378728bdf590ca4b771ec72385c533964653c68e86bdc/pygments-2.19.2-py3-none-any.whl", hash = "sha256:86540386c03d588bb81d44bc3928634ff26449851e99741617ecb9037ee5ec0b", size = 1225217 },
]

[[package]]
name = "pytest"
version = "8.4.1"
source = { registry = "https://pypi.org/simple" }
dependencies = [
    { name = "colorama", marker = "sys_platform == 'win32'" },
    { name = "iniconfig" },
    { name = "packaging" },
    { name = "pluggy" },
    { name = "pygments" },
]
sdist = { url = "https://files.pythonhosted.org/packages/08/ba/45911d754e8eba3d5a841a5ce61a65a685ff1798421ac054f85aa8747dfb/pytest-8.4.1.tar.gz", hash = "sha256:7c67fd69174877359ed9371ec3af8a3d2b04741818c51e5e99cc1742251fa93c", size = 1517714 }
wheels = [
    { url = "https://files.pythonhosted.org/packages/29/16/c8a903f4c4dffe7a12843191437d7cd8e32751d5de349d45d3fe69544e87/pytest-8.4.1-py3-none-any.whl", hash = "sha256:539c70ba6fcead8e78eebbf1115e8b589e7565830d7d006a8723f19ac8a0afb7", size = 365474 },
]

[[package]]
name = "pytest-base-url"
version = "2.1.0"
source = { registry = "https://pypi.org/simple" }
dependencies = [
    { name = "pytest" },
    { name = "requests" },
]
sdist = { url = "https://files.pythonhosted.org/packages/ae/1a/b64ac368de6b993135cb70ca4e5d958a5c268094a3a2a4cac6f0021b6c4f/pytest_base_url-2.1.0.tar.gz", hash = "sha256:02748589a54f9e63fcbe62301d6b0496da0d10231b753e950c63e03aee745d45", size = 6702 }
wheels = [
    { url = "https://files.pythonhosted.org/packages/98/1c/b00940ab9eb8ede7897443b771987f2f4a76f06be02f1b3f01eb7567e24a/pytest_base_url-2.1.0-py3-none-any.whl", hash = "sha256:3ad15611778764d451927b2a53240c1a7a591b521ea44cebfe45849d2d2812e6", size = 5302 },
]

[[package]]
name = "pytest-playwright"
version = "0.7.0"
source = { registry = "https://pypi.org/simple" }
dependencies = [
    { name = "playwright" },
    { name = "pytest" },
    { name = "pytest-base-url" },
    { name = "python-slugify" },
]
sdist = { url = "https://files.pythonhosted.org/packages/e3/47/38e292ad92134a00ea05e6fc4fc44577baaa38b0922ab7ea56312b7a6663/pytest_playwright-0.7.0.tar.gz", hash = "sha256:b3f2ea514bbead96d26376fac182f68dcd6571e7cb41680a89ff1673c05d60b6", size = 16666 }
wheels = [
    { url = "https://files.pythonhosted.org/packages/d8/96/5f8a4545d783674f3de33f0ebc4db16cc76ce77a4c404d284f43f09125e3/pytest_playwright-0.7.0-py3-none-any.whl", hash = "sha256:2516d0871fa606634bfe32afbcc0342d68da2dbff97fe3459849e9c428486da2", size = 16618 },
]

[[package]]
name = "python-slugify"
version = "8.0.4"
source = { registry = "https://pypi.org/simple" }
dependencies = [
    { name = "text-unidecode" },
]
sdist = { url = "https://files.pythonhosted.org/packages/87/c7/5e1547c44e31da50a460df93af11a535ace568ef89d7a811069ead340c4a/python-slugify-8.0.4.tar.gz", hash = "sha256:59202371d1d05b54a9e7720c5e038f928f45daaffe41dd10822f3907b937c856", size = 10921 }
wheels = [
    { url = "https://files.pythonhosted.org/packages/a4/62/02da182e544a51a5c3ccf4b03ab79df279f9c60c5e82d5e8bec7ca26ac11/python_slugify-8.0.4-py2.py3-none-any.whl", hash = "sha256:276540b79961052b66b7d116620b36518847f52d5fd9e3a70164fc8c50faa6b8", size = 10051 },
]

[[package]]
name = "requests"
version = "2.32.5"
source = { registry = "https://pypi.org/simple" }
dependencies = [
    { name = "certifi" },
    { name = "charset-normalizer" },
    { name = "idna" },
    { name = "urllib3" },
]
sdist = { url = "https://files.pythonhosted.org/packages/c9/74/b3ff8e6c8446842c3f5c837e9c3dfcfe2018ea6ecef224c710c85ef728f4/requests-2.32.5.tar.gz", hash = "sha256:dbba0bac56e100853db0ea71b82b4dfd5fe2bf6d3754a8893c3af500cec7d7cf", size = 134517 }
wheels = [
    { url = "https://files.pythonhosted.org/packages/1e/db/4254e3eabe8020b458f1a747140d32277ec7a271daf1d235b70dc0b4e6e3/requests-2.32.5-py3-none-any.whl", hash = "sha256:2462f94637a34fd532264295e186976db0f5d453d1cdd31473c85a6a161affb6", size = 64738 },
]

[[package]]
name = "text-unidecode"
version = "1.3"
source = { registry = "https://pypi.org/simple" }
sdist = { url = "https://files.pythonhosted.org/packages/ab/e2/e9a00f0ccb71718418230718b3d900e71a5d16e701a3dae079a21e9cd8f8/text-unidecode-1.3.tar.gz", hash = "sha256:bad6603bb14d279193107714b288be206cac565dfa49aa5b105294dd5c4aab93", size = 76885 }
wheels = [
    { url = "https://files.pythonhosted.org/packages/a6/a5/c0b6468d3824fe3fde30dbb5e1f687b291608f9473681bbf7dabbf5a87d7/text_unidecode-1.3-py2.py3-none-any.whl", hash = "sha256:1311f10e8b895935241623731c2ba64f4c455287888b18189350b67134a822e8", size = 78154 },
]

[[package]]
name = "typing-extensions"
version = "4.14.1"
source = { registry = "https://pypi.org/simple" }
sdist = { url = "https://files.pythonhosted.org/packages/98/5a/da40306b885cc8c09109dc2e1abd358d5684b1425678151cdaed4731c822/typing_extensions-4.14.1.tar.gz", hash = "sha256:38b39f4aeeab64884ce9f74c94263ef78f3c22467c8724005483154c26648d36", size = 107673 }
wheels = [
    { url = "https://files.pythonhosted.org/packages/b5/00/d631e67a838026495268c2f6884f3711a15a9a2a96cd244fdaea53b823fb/typing_extensions-4.14.1-py3-none-any.whl", hash = "sha256:d1e1e3b58374dc93031d6eda2420a48ea44a36c2b4766a4fdeb3710755731d76", size = 43906 },
]

[[package]]
name = "urllib3"
version = "2.5.0"
source = { registry = "https://pypi.org/simple" }
sdist = { url = "https://files.pythonhosted.org/packages/15/22/9ee70a2574a4f4599c47dd506532914ce044817c7752a79b6a51286319bc/urllib3-2.5.0.tar.gz", hash = "sha256:3fc47733c7e419d4bc3f6b3dc2b4f890bb743906a30d56ba4a5bfa4bbff92760", size = 393185 }
wheels = [
    { url = "https://files.pythonhosted.org/packages/a7/c2/fe1e52489ae3122415c51f387e221dd0773709bad6c6cdaa599e8a2c5185/urllib3-2.5.0-py3-none-any.whl", hash = "sha256:e6b01673c0fa6a13e374b50871808eb3bf7046c4b125b216f6bf1cc604cff0dc", size = 129795 },
]
